
Microsoft Visual Studio Solution File, Format Version 12.00
# Visual Studio 15
VisualStudioVersion = 15.0.27004.2009
MinimumVisualStudioVersion = 10.0.40219.1
Project("{FAE04EC0-301F-11D3-BF4B-00C04F79EFBC}") = "CryptoSavings.API", "CryptoSavings.API\CryptoSavings.API.csproj", "{D4D039E2-59D3-4DF4-B0B4-9AAEC55E3F89}"
EndProject
Global
	GlobalSection(SolutionConfigurationPlatforms) = preSolution
		Debug|Any CPU = Debug|Any CPU
		Release|Any CPU = Release|Any CPU
	EndGlobalSection
	GlobalSection(ProjectConfigurationPlatforms) = postSolution
		{D4D039E2-59D3-4DF4-B0B4-9AAEC55E3F89}.Debug|Any CPU.ActiveCfg = Debug|Any CPU
		{D4D039E2-59D3-4DF4-B0B4-9AAEC55E3F89}.Debug|Any CPU.Build.0 = Debug|Any CPU
		{D4D039E2-59D3-4DF4-B0B4-9AAEC55E3F89}.Release|Any CPU.ActiveCfg = Release|Any CPU
		{D4D039E2-59D3-4DF4-B0B4-9AAEC55E3F89}.Release|Any CPU.Build.0 = Release|Any CPU
	EndGlobalSection
	GlobalSection(SolutionProperties) = preSolution
		HideSolutionNode = FALSE
	EndGlobalSection
	GlobalSection(ExtensibilityGlobals) = postSolution
		SolutionGuid = {EB49F954-52E0-4099-8A22-71332F46E00B}
	EndGlobalSection
EndGlobal
